
Microsoft Visual Studio Solution File, Format Version 12.00
# Visual Studio 15
VisualStudioVersion = 15.0.27703.2026
MinimumVisualStudioVersion = 10.0.40219.1
Project("{FAE04EC0-301F-11D3-BF4B-00C04F79EFBC}") = "TestPlugin", "TestPlugin\TestPlugin.csproj", "{14B2DA69-1DD3-482D-8D95-1722DBCE46F3}"
EndProject
Project("{FAE04EC0-301F-11D3-BF4B-00C04F79EFBC}") = "LockOnPluginKK", "LockOnPlugin\LockOnPluginKK.csproj", "{D6A01FB7-318E-4FA6-BB4D-F8D2A58B9F84}"
EndProject
Project("{FAE04EC0-301F-11D3-BF4B-00C04F79EFBC}") = "TogglePOVKK", "TogglePOVKK\TogglePOVKK.csproj", "{45ED5EB2-9F9B-4F43-B885-CA0695C8F40F}"
EndProject
Project("{FAE04EC0-301F-11D3-BF4B-00C04F79EFBC}") = "CardOrganizer", "CardOrganizer\CardOrganizer.csproj", "{CEFF2695-37E9-4BA3-A057-6739CE23E5D5}"
EndProject
Project("{FAE04EC0-301F-11D3-BF4B-00C04F79EFBC}") = "FixCompilation", "FixCompilation\FixCompilation.csproj", "{3FE9332D-9875-4556-A7CD-0741811BA548}"
EndProject
Project("{FAE04EC0-301F-11D3-BF4B-00C04F79EFBC}") = "HideUIKK", "HideUIKK\HideUIKK.csproj", "{26DB5288-DD42-451C-91D8-6D0136461124}"
EndProject
Project("{FAE04EC0-301F-11D3-BF4B-00C04F79EFBC}") = "UnlockHPositions", "UnlockHPositions\UnlockHPositions.csproj", "{476E4113-AF49-45E0-9CDD-1D76EE51FA24}"
EndProject
Project("{FAE04EC0-301F-11D3-BF4B-00C04F79EFBC}") = "StudioAddonLite", "StudioAddonLite\StudioAddonLite.csproj", "{921651CF-6A2C-4064-91FE-AF949CFA9A16}"
EndProject
Project("{FAE04EC0-301F-11D3-BF4B-00C04F79EFBC}") = "SelfieCam", "SelfieCam\SelfieCam.csproj", "{0AFE4F09-70F9-4A3E-81DC-A173E0406EDA}"
EndProject
Project("{FAE04EC0-301F-11D3-BF4B-00C04F79EFBC}") = "TitleShortcuts", "TitleShortcuts\TitleShortcuts.csproj", "{7609FC13-64E8-4402-A3AF-383B4A7779BD}"
EndProject
Project("{FAE04EC0-301F-11D3-BF4B-00C04F79EFBC}") = "DefaultParamEditor", "DefaultParamEditor\DefaultParamEditor.csproj", "{5C371D71-E8A8-43ED-B913-FB7F9835AE3D}"
EndProject
Project("{FAE04EC0-301F-11D3-BF4B-00C04F79EFBC}") = "GraphicsSettings", "GraphicsSettings\GraphicsSettings.csproj", "{F8367DD1-BD2D-4D2E-9C47-5852D17125E6}"
EndProject
Project("{FAE04EC0-301F-11D3-BF4B-00C04F79EFBC}") = "CharaEditTool", "CharaEditTool\CharaEditTool.csproj", "{4DD21A67-6CAB-4A27-85AC-42930F1EC259}"
EndProject
Project("{FAE04EC0-301F-11D3-BF4B-00C04F79EFBC}") = "MakerBridge", "MakerBridge\MakerBridge.csproj", "{A6DBDBD8-29BC-47FD-B392-0E0460012C1D}"
EndProject
Project("{2150E333-8FDC-42A3-9474-1A3956D46DE8}") = "Archive", "Archive", "{76BABC3D-F7C5-4130-8EA8-C8C013C76B2E}"
	ProjectSection(SolutionItems) = preProject
		Archive\MakerBridgePatcher.cs = Archive\MakerBridgePatcher.cs
	EndProjectSection
EndProject
Project("{2150E333-8FDC-42A3-9474-1A3956D46DE8}") = "SolutionFiles", "SolutionFiles", "{4A05B99A-D26F-444E-BA33-8B368140B368}"
	ProjectSection(SolutionItems) = preProject
		.gitignore = .gitignore
		BuildRelease.bat = BuildRelease.bat
		README.md = README.md
	EndProjectSection
EndProject
Project("{FAE04EC0-301F-11D3-BF4B-00C04F79EFBC}") = "ShaderMagic", "ShaderMagic\ShaderMagic.csproj", "{07AC9BF2-6784-42D1-B0D3-E1B6B4F8C2BE}"
EndProject
Project("{FAE04EC0-301F-11D3-BF4B-00C04F79EFBC}") = "CharaStateX", "CharaStateX\CharaStateX.csproj", "{5A84955A-E776-4E75-AA19-7D764A8C0554}"
EndProject
Project("{D954291E-2A0B-460D-934E-DC6B0785DB48}") = "UILib", "UILib\UILib.shproj", "{044C35DB-98CA-4A9F-905D-93B61C8057A1}"
EndProject
Project("{FAE04EC0-301F-11D3-BF4B-00C04F79EFBC}") = "BlendShaper", "BlendShaper\BlendShaper.csproj", "{158B291D-305B-4AFE-BCE7-6A3A229AB7AE}"
EndProject
Project("{D954291E-2A0B-460D-934E-DC6B0785DB48}") = "HarmonyExtension", "HarmonyExtension\HarmonyExtension.shproj", "{2A3E933B-07C2-48C4-B7CF-5458E5443D34}"
EndProject
Global
	GlobalSection(SharedMSBuildProjectFiles) = preSolution
		UILib\UILib.projitems*{044c35db-98ca-4a9f-905d-93b61c8057a1}*SharedItemsImports = 13
		HarmonyExtension\HarmonyExtension.projitems*{158b291d-305b-4afe-bce7-6a3a229ab7ae}*SharedItemsImports = 4
		UILib\UILib.projitems*{158b291d-305b-4afe-bce7-6a3a229ab7ae}*SharedItemsImports = 4
		HarmonyExtension\HarmonyExtension.projitems*{2a3e933b-07c2-48c4-b7cf-5458e5443d34}*SharedItemsImports = 13
	EndGlobalSection
	GlobalSection(SolutionConfigurationPlatforms) = preSolution
		Debug|Any CPU = Debug|Any CPU
		Release|Any CPU = Release|Any CPU
	EndGlobalSection
	GlobalSection(ProjectConfigurationPlatforms) = postSolution
		{14B2DA69-1DD3-482D-8D95-1722DBCE46F3}.Debug|Any CPU.ActiveCfg = Debug|Any CPU
		{14B2DA69-1DD3-482D-8D95-1722DBCE46F3}.Release|Any CPU.ActiveCfg = Release|Any CPU
		{14B2DA69-1DD3-482D-8D95-1722DBCE46F3}.Release|Any CPU.Build.0 = Release|Any CPU
		{D6A01FB7-318E-4FA6-BB4D-F8D2A58B9F84}.Debug|Any CPU.ActiveCfg = Debug|Any CPU
		{D6A01FB7-318E-4FA6-BB4D-F8D2A58B9F84}.Debug|Any CPU.Build.0 = Debug|Any CPU
		{D6A01FB7-318E-4FA6-BB4D-F8D2A58B9F84}.Release|Any CPU.ActiveCfg = Release|Any CPU
		{D6A01FB7-318E-4FA6-BB4D-F8D2A58B9F84}.Release|Any CPU.Build.0 = Release|Any CPU
		{45ED5EB2-9F9B-4F43-B885-CA0695C8F40F}.Debug|Any CPU.ActiveCfg = Debug|Any CPU
		{45ED5EB2-9F9B-4F43-B885-CA0695C8F40F}.Debug|Any CPU.Build.0 = Debug|Any CPU
		{45ED5EB2-9F9B-4F43-B885-CA0695C8F40F}.Release|Any CPU.ActiveCfg = Release|Any CPU
		{45ED5EB2-9F9B-4F43-B885-CA0695C8F40F}.Release|Any CPU.Build.0 = Release|Any CPU
		{CEFF2695-37E9-4BA3-A057-6739CE23E5D5}.Debug|Any CPU.ActiveCfg = Debug|Any CPU
		{CEFF2695-37E9-4BA3-A057-6739CE23E5D5}.Release|Any CPU.ActiveCfg = Release|Any CPU
		{CEFF2695-37E9-4BA3-A057-6739CE23E5D5}.Release|Any CPU.Build.0 = Release|Any CPU
		{3FE9332D-9875-4556-A7CD-0741811BA548}.Debug|Any CPU.ActiveCfg = Debug|Any CPU
		{3FE9332D-9875-4556-A7CD-0741811BA548}.Debug|Any CPU.Build.0 = Debug|Any CPU
		{3FE9332D-9875-4556-A7CD-0741811BA548}.Release|Any CPU.ActiveCfg = Release|Any CPU
		{3FE9332D-9875-4556-A7CD-0741811BA548}.Release|Any CPU.Build.0 = Release|Any CPU
		{26DB5288-DD42-451C-91D8-6D0136461124}.Debug|Any CPU.ActiveCfg = Debug|Any CPU
		{26DB5288-DD42-451C-91D8-6D0136461124}.Debug|Any CPU.Build.0 = Debug|Any CPU
		{26DB5288-DD42-451C-91D8-6D0136461124}.Release|Any CPU.ActiveCfg = Release|Any CPU
		{26DB5288-DD42-451C-91D8-6D0136461124}.Release|Any CPU.Build.0 = Release|Any CPU
		{476E4113-AF49-45E0-9CDD-1D76EE51FA24}.Debug|Any CPU.ActiveCfg = Debug|Any CPU
		{476E4113-AF49-45E0-9CDD-1D76EE51FA24}.Debug|Any CPU.Build.0 = Debug|Any CPU
		{476E4113-AF49-45E0-9CDD-1D76EE51FA24}.Release|Any CPU.ActiveCfg = Release|Any CPU
		{476E4113-AF49-45E0-9CDD-1D76EE51FA24}.Release|Any CPU.Build.0 = Release|Any CPU
		{921651CF-6A2C-4064-91FE-AF949CFA9A16}.Debug|Any CPU.ActiveCfg = Debug|Any CPU
		{921651CF-6A2C-4064-91FE-AF949CFA9A16}.Debug|Any CPU.Build.0 = Debug|Any CPU
		{921651CF-6A2C-4064-91FE-AF949CFA9A16}.Release|Any CPU.ActiveCfg = Release|Any CPU
		{921651CF-6A2C-4064-91FE-AF949CFA9A16}.Release|Any CPU.Build.0 = Release|Any CPU
		{0AFE4F09-70F9-4A3E-81DC-A173E0406EDA}.Debug|Any CPU.ActiveCfg = Debug|Any CPU
		{0AFE4F09-70F9-4A3E-81DC-A173E0406EDA}.Release|Any CPU.ActiveCfg = Release|Any CPU
		{0AFE4F09-70F9-4A3E-81DC-A173E0406EDA}.Release|Any CPU.Build.0 = Release|Any CPU
		{7609FC13-64E8-4402-A3AF-383B4A7779BD}.Debug|Any CPU.ActiveCfg = Debug|Any CPU
		{7609FC13-64E8-4402-A3AF-383B4A7779BD}.Debug|Any CPU.Build.0 = Debug|Any CPU
		{7609FC13-64E8-4402-A3AF-383B4A7779BD}.Release|Any CPU.ActiveCfg = Release|Any CPU
		{7609FC13-64E8-4402-A3AF-383B4A7779BD}.Release|Any CPU.Build.0 = Release|Any CPU
		{5C371D71-E8A8-43ED-B913-FB7F9835AE3D}.Debug|Any CPU.ActiveCfg = Debug|Any CPU
		{5C371D71-E8A8-43ED-B913-FB7F9835AE3D}.Debug|Any CPU.Build.0 = Debug|Any CPU
		{5C371D71-E8A8-43ED-B913-FB7F9835AE3D}.Release|Any CPU.ActiveCfg = Release|Any CPU
		{5C371D71-E8A8-43ED-B913-FB7F9835AE3D}.Release|Any CPU.Build.0 = Release|Any CPU
		{F8367DD1-BD2D-4D2E-9C47-5852D17125E6}.Debug|Any CPU.ActiveCfg = Debug|Any CPU
		{F8367DD1-BD2D-4D2E-9C47-5852D17125E6}.Debug|Any CPU.Build.0 = Debug|Any CPU
		{F8367DD1-BD2D-4D2E-9C47-5852D17125E6}.Release|Any CPU.ActiveCfg = Release|Any CPU
		{F8367DD1-BD2D-4D2E-9C47-5852D17125E6}.Release|Any CPU.Build.0 = Release|Any CPU
		{4DD21A67-6CAB-4A27-85AC-42930F1EC259}.Debug|Any CPU.ActiveCfg = Debug|Any CPU
		{4DD21A67-6CAB-4A27-85AC-42930F1EC259}.Debug|Any CPU.Build.0 = Debug|Any CPU
		{4DD21A67-6CAB-4A27-85AC-42930F1EC259}.Release|Any CPU.ActiveCfg = Release|Any CPU
		{4DD21A67-6CAB-4A27-85AC-42930F1EC259}.Release|Any CPU.Build.0 = Release|Any CPU
		{A6DBDBD8-29BC-47FD-B392-0E0460012C1D}.Debug|Any CPU.ActiveCfg = Debug|Any CPU
		{A6DBDBD8-29BC-47FD-B392-0E0460012C1D}.Debug|Any CPU.Build.0 = Debug|Any CPU
		{A6DBDBD8-29BC-47FD-B392-0E0460012C1D}.Release|Any CPU.ActiveCfg = Release|Any CPU
		{A6DBDBD8-29BC-47FD-B392-0E0460012C1D}.Release|Any CPU.Build.0 = Release|Any CPU
		{07AC9BF2-6784-42D1-B0D3-E1B6B4F8C2BE}.Debug|Any CPU.ActiveCfg = Debug|Any CPU
		{07AC9BF2-6784-42D1-B0D3-E1B6B4F8C2BE}.Release|Any CPU.ActiveCfg = Release|Any CPU
		{07AC9BF2-6784-42D1-B0D3-E1B6B4F8C2BE}.Release|Any CPU.Build.0 = Release|Any CPU
		{5A84955A-E776-4E75-AA19-7D764A8C0554}.Debug|Any CPU.ActiveCfg = Debug|Any CPU
		{5A84955A-E776-4E75-AA19-7D764A8C0554}.Debug|Any CPU.Build.0 = Debug|Any CPU
		{5A84955A-E776-4E75-AA19-7D764A8C0554}.Release|Any CPU.ActiveCfg = Release|Any CPU
		{5A84955A-E776-4E75-AA19-7D764A8C0554}.Release|Any CPU.Build.0 = Release|Any CPU
		{158B291D-305B-4AFE-BCE7-6A3A229AB7AE}.Debug|Any CPU.ActiveCfg = Debug|Any CPU
		{158B291D-305B-4AFE-BCE7-6A3A229AB7AE}.Debug|Any CPU.Build.0 = Debug|Any CPU
		{158B291D-305B-4AFE-BCE7-6A3A229AB7AE}.Release|Any CPU.ActiveCfg = Release|Any CPU
		{158B291D-305B-4AFE-BCE7-6A3A229AB7AE}.Release|Any CPU.Build.0 = Release|Any CPU
	EndGlobalSection
	GlobalSection(SolutionProperties) = preSolution
		HideSolutionNode = FALSE
	EndGlobalSection
	GlobalSection(ExtensibilityGlobals) = postSolution
		SolutionGuid = {20BD17DF-F863-4CE8-A095-B79F271FFA15}
	EndGlobalSection
EndGlobal
