
Microsoft Visual Studio Solution File, Format Version 12.00
# Visual Studio 15
VisualStudioVersion = 15.0.27703.2026
MinimumVisualStudioVersion = 10.0.40219.1
Project("{FAE04EC0-301F-11D3-BF4B-00C04F79EFBC}") = "TestPlugin", "TestPlugin\TestPlugin.csproj", "{14B2DA69-1DD3-482D-8D95-1722DBCE46F3}"
EndProject
Project("{FAE04EC0-301F-11D3-BF4B-00C04F79EFBC}") = "LockOnPluginKK", "LockOnPlugin\LockOnPluginKK.csproj", "{D6A01FB7-318E-4FA6-BB4D-F8D2A58B9F84}"
EndProject
Project("{FAE04EC0-301F-11D3-BF4B-00C04F79EFBC}") = "AutoModReloadKK", "AutoModReloadKK\AutoModReloadKK.csproj", "{A08958C4-8647-4B8B-9DA3-5F664B99FB64}"
EndProject
Project("{FAE04EC0-301F-11D3-BF4B-00C04F79EFBC}") = "TogglePOVKK", "TogglePOVKK\TogglePOVKK.csproj", "{45ED5EB2-9F9B-4F43-B885-CA0695C8F40F}"
EndProject
Project("{FAE04EC0-301F-11D3-BF4B-00C04F79EFBC}") = "ObjectTreeDebugKK", "ObjectTreeDebugKK\ObjectTreeDebugKK.csproj", "{426DD1A2-D1B0-442B-87DF-82CF8EB60EB7}"
EndProject
Project("{FAE04EC0-301F-11D3-BF4B-00C04F79EFBC}") = "CardOrganizer", "CardOrganizer\CardOrganizer.csproj", "{CEFF2695-37E9-4BA3-A057-6739CE23E5D5}"
EndProject
Project("{FAE04EC0-301F-11D3-BF4B-00C04F79EFBC}") = "FixCompilation", "FixCompilation\FixCompilation.csproj", "{3FE9332D-9875-4556-A7CD-0741811BA548}"
EndProject
Project("{FAE04EC0-301F-11D3-BF4B-00C04F79EFBC}") = "HideUIKK", "HideUIKK\HideUIKK.csproj", "{26DB5288-DD42-451C-91D8-6D0136461124}"
EndProject
Project("{FAE04EC0-301F-11D3-BF4B-00C04F79EFBC}") = "UnlockHPositions", "UnlockHPositions\UnlockHPositions.csproj", "{476E4113-AF49-45E0-9CDD-1D76EE51FA24}"
EndProject
Project("{FAE04EC0-301F-11D3-BF4B-00C04F79EFBC}") = "StudioAddonLite", "StudioAddonLite\StudioAddonLite.csproj", "{921651CF-6A2C-4064-91FE-AF949CFA9A16}"
EndProject
Project("{FAE04EC0-301F-11D3-BF4B-00C04F79EFBC}") = "SelfieCam", "SelfieCam\SelfieCam.csproj", "{0AFE4F09-70F9-4A3E-81DC-A173E0406EDA}"
EndProject
Project("{FAE04EC0-301F-11D3-BF4B-00C04F79EFBC}") = "TitleShortcuts", "TitleShortcuts\TitleShortcuts.csproj", "{7609FC13-64E8-4402-A3AF-383B4A7779BD}"
EndProject
Project("{FAE04EC0-301F-11D3-BF4B-00C04F79EFBC}") = "DefaultParamEditor", "DefaultParamEditor\DefaultParamEditor.csproj", "{5C371D71-E8A8-43ED-B913-FB7F9835AE3D}"
EndProject
Global
	GlobalSection(SolutionConfigurationPlatforms) = preSolution
		Debug|Any CPU = Debug|Any CPU
		Release|Any CPU = Release|Any CPU
	EndGlobalSection
	GlobalSection(ProjectConfigurationPlatforms) = postSolution
		{14B2DA69-1DD3-482D-8D95-1722DBCE46F3}.Debug|Any CPU.ActiveCfg = Debug|Any CPU
		{14B2DA69-1DD3-482D-8D95-1722DBCE46F3}.Release|Any CPU.ActiveCfg = Release|Any CPU
		{14B2DA69-1DD3-482D-8D95-1722DBCE46F3}.Release|Any CPU.Build.0 = Release|Any CPU
		{D6A01FB7-318E-4FA6-BB4D-F8D2A58B9F84}.Debug|Any CPU.ActiveCfg = Debug|Any CPU
		{D6A01FB7-318E-4FA6-BB4D-F8D2A58B9F84}.Debug|Any CPU.Build.0 = Debug|Any CPU
		{D6A01FB7-318E-4FA6-BB4D-F8D2A58B9F84}.Release|Any CPU.ActiveCfg = Release|Any CPU
		{D6A01FB7-318E-4FA6-BB4D-F8D2A58B9F84}.Release|Any CPU.Build.0 = Release|Any CPU
		{A08958C4-8647-4B8B-9DA3-5F664B99FB64}.Debug|Any CPU.ActiveCfg = Debug|Any CPU
		{A08958C4-8647-4B8B-9DA3-5F664B99FB64}.Release|Any CPU.ActiveCfg = Release|Any CPU
		{A08958C4-8647-4B8B-9DA3-5F664B99FB64}.Release|Any CPU.Build.0 = Release|Any CPU
		{45ED5EB2-9F9B-4F43-B885-CA0695C8F40F}.Debug|Any CPU.ActiveCfg = Debug|Any CPU
		{45ED5EB2-9F9B-4F43-B885-CA0695C8F40F}.Release|Any CPU.ActiveCfg = Release|Any CPU
		{45ED5EB2-9F9B-4F43-B885-CA0695C8F40F}.Release|Any CPU.Build.0 = Release|Any CPU
		{426DD1A2-D1B0-442B-87DF-82CF8EB60EB7}.Debug|Any CPU.ActiveCfg = Debug|Any CPU
		{426DD1A2-D1B0-442B-87DF-82CF8EB60EB7}.Debug|Any CPU.Build.0 = Debug|Any CPU
		{426DD1A2-D1B0-442B-87DF-82CF8EB60EB7}.Release|Any CPU.ActiveCfg = Release|Any CPU
		{426DD1A2-D1B0-442B-87DF-82CF8EB60EB7}.Release|Any CPU.Build.0 = Release|Any CPU
		{CEFF2695-37E9-4BA3-A057-6739CE23E5D5}.Debug|Any CPU.ActiveCfg = Debug|Any CPU
		{CEFF2695-37E9-4BA3-A057-6739CE23E5D5}.Release|Any CPU.ActiveCfg = Release|Any CPU
		{CEFF2695-37E9-4BA3-A057-6739CE23E5D5}.Release|Any CPU.Build.0 = Release|Any CPU
		{3FE9332D-9875-4556-A7CD-0741811BA548}.Debug|Any CPU.ActiveCfg = Debug|Any CPU
		{3FE9332D-9875-4556-A7CD-0741811BA548}.Debug|Any CPU.Build.0 = Debug|Any CPU
		{3FE9332D-9875-4556-A7CD-0741811BA548}.Release|Any CPU.ActiveCfg = Release|Any CPU
		{3FE9332D-9875-4556-A7CD-0741811BA548}.Release|Any CPU.Build.0 = Release|Any CPU
		{26DB5288-DD42-451C-91D8-6D0136461124}.Debug|Any CPU.ActiveCfg = Debug|Any CPU
		{26DB5288-DD42-451C-91D8-6D0136461124}.Debug|Any CPU.Build.0 = Debug|Any CPU
		{26DB5288-DD42-451C-91D8-6D0136461124}.Release|Any CPU.ActiveCfg = Release|Any CPU
		{26DB5288-DD42-451C-91D8-6D0136461124}.Release|Any CPU.Build.0 = Release|Any CPU
		{476E4113-AF49-45E0-9CDD-1D76EE51FA24}.Debug|Any CPU.ActiveCfg = Debug|Any CPU
		{476E4113-AF49-45E0-9CDD-1D76EE51FA24}.Debug|Any CPU.Build.0 = Debug|Any CPU
		{476E4113-AF49-45E0-9CDD-1D76EE51FA24}.Release|Any CPU.ActiveCfg = Release|Any CPU
		{476E4113-AF49-45E0-9CDD-1D76EE51FA24}.Release|Any CPU.Build.0 = Release|Any CPU
		{921651CF-6A2C-4064-91FE-AF949CFA9A16}.Debug|Any CPU.ActiveCfg = Debug|Any CPU
		{921651CF-6A2C-4064-91FE-AF949CFA9A16}.Debug|Any CPU.Build.0 = Debug|Any CPU
		{921651CF-6A2C-4064-91FE-AF949CFA9A16}.Release|Any CPU.ActiveCfg = Release|Any CPU
		{921651CF-6A2C-4064-91FE-AF949CFA9A16}.Release|Any CPU.Build.0 = Release|Any CPU
		{0AFE4F09-70F9-4A3E-81DC-A173E0406EDA}.Debug|Any CPU.ActiveCfg = Debug|Any CPU
		{0AFE4F09-70F9-4A3E-81DC-A173E0406EDA}.Debug|Any CPU.Build.0 = Debug|Any CPU
		{0AFE4F09-70F9-4A3E-81DC-A173E0406EDA}.Release|Any CPU.ActiveCfg = Release|Any CPU
		{0AFE4F09-70F9-4A3E-81DC-A173E0406EDA}.Release|Any CPU.Build.0 = Release|Any CPU
		{7609FC13-64E8-4402-A3AF-383B4A7779BD}.Debug|Any CPU.ActiveCfg = Debug|Any CPU
		{7609FC13-64E8-4402-A3AF-383B4A7779BD}.Debug|Any CPU.Build.0 = Debug|Any CPU
		{7609FC13-64E8-4402-A3AF-383B4A7779BD}.Release|Any CPU.ActiveCfg = Release|Any CPU
		{7609FC13-64E8-4402-A3AF-383B4A7779BD}.Release|Any CPU.Build.0 = Release|Any CPU
		{5C371D71-E8A8-43ED-B913-FB7F9835AE3D}.Debug|Any CPU.ActiveCfg = Debug|Any CPU
		{5C371D71-E8A8-43ED-B913-FB7F9835AE3D}.Debug|Any CPU.Build.0 = Debug|Any CPU
		{5C371D71-E8A8-43ED-B913-FB7F9835AE3D}.Release|Any CPU.ActiveCfg = Release|Any CPU
		{5C371D71-E8A8-43ED-B913-FB7F9835AE3D}.Release|Any CPU.Build.0 = Release|Any CPU
	EndGlobalSection
	GlobalSection(SolutionProperties) = preSolution
		HideSolutionNode = FALSE
	EndGlobalSection
	GlobalSection(ExtensibilityGlobals) = postSolution
		SolutionGuid = {20BD17DF-F863-4CE8-A095-B79F271FFA15}
	EndGlobalSection
EndGlobal
