
Microsoft Visual Studio Solution File, Format Version 12.00
# Visual Studio 14
VisualStudioVersion = 14.0.25420.1
MinimumVisualStudioVersion = 10.0.40219.1
Project("{FAE04EC0-301F-11D3-BF4B-00C04F79EFBC}") = "TestPlugin", "TestPlugin\TestPlugin.csproj", "{14B2DA69-1DD3-482D-8D95-1722DBCE46F3}"
EndProject
Project("{FAE04EC0-301F-11D3-BF4B-00C04F79EFBC}") = "LockOnPluginKK", "LockOnPlugin\LockOnPluginKK.csproj", "{D6A01FB7-318E-4FA6-BB4D-F8D2A58B9F84}"
EndProject
Project("{FAE04EC0-301F-11D3-BF4B-00C04F79EFBC}") = "AutoModReloadKK", "AutoModReloadKK\AutoModReloadKK.csproj", "{A08958C4-8647-4B8B-9DA3-5F664B99FB64}"
EndProject
Project("{FAE04EC0-301F-11D3-BF4B-00C04F79EFBC}") = "TogglePOVKK", "TogglePOVKK\TogglePOVKK.csproj", "{45ED5EB2-9F9B-4F43-B885-CA0695C8F40F}"
EndProject
Project("{FAE04EC0-301F-11D3-BF4B-00C04F79EFBC}") = "ObjectTreeDebugKK", "ObjectTreeDebugKK\ObjectTreeDebugKK.csproj", "{426DD1A2-D1B0-442B-87DF-82CF8EB60EB7}"
EndProject
Project("{FAE04EC0-301F-11D3-BF4B-00C04F79EFBC}") = "BetterSceneLoader", "BetterSceneLoader\BetterSceneLoader.csproj", "{A9D77B88-9AF7-4E15-944B-C9CA1E33B333}"
EndProject
Global
	GlobalSection(SolutionConfigurationPlatforms) = preSolution
		Debug|Any CPU = Debug|Any CPU
		Release|Any CPU = Release|Any CPU
	EndGlobalSection
	GlobalSection(ProjectConfigurationPlatforms) = postSolution
		{14B2DA69-1DD3-482D-8D95-1722DBCE46F3}.Debug|Any CPU.ActiveCfg = Debug|Any CPU
		{14B2DA69-1DD3-482D-8D95-1722DBCE46F3}.Release|Any CPU.ActiveCfg = Release|Any CPU
		{14B2DA69-1DD3-482D-8D95-1722DBCE46F3}.Release|Any CPU.Build.0 = Release|Any CPU
		{D6A01FB7-318E-4FA6-BB4D-F8D2A58B9F84}.Debug|Any CPU.ActiveCfg = Debug|Any CPU
		{D6A01FB7-318E-4FA6-BB4D-F8D2A58B9F84}.Debug|Any CPU.Build.0 = Debug|Any CPU
		{D6A01FB7-318E-4FA6-BB4D-F8D2A58B9F84}.Release|Any CPU.ActiveCfg = Release|Any CPU
		{D6A01FB7-318E-4FA6-BB4D-F8D2A58B9F84}.Release|Any CPU.Build.0 = Release|Any CPU
		{A08958C4-8647-4B8B-9DA3-5F664B99FB64}.Debug|Any CPU.ActiveCfg = Debug|Any CPU
		{A08958C4-8647-4B8B-9DA3-5F664B99FB64}.Release|Any CPU.ActiveCfg = Release|Any CPU
		{A08958C4-8647-4B8B-9DA3-5F664B99FB64}.Release|Any CPU.Build.0 = Release|Any CPU
		{45ED5EB2-9F9B-4F43-B885-CA0695C8F40F}.Debug|Any CPU.ActiveCfg = Debug|Any CPU
		{45ED5EB2-9F9B-4F43-B885-CA0695C8F40F}.Debug|Any CPU.Build.0 = Debug|Any CPU
		{45ED5EB2-9F9B-4F43-B885-CA0695C8F40F}.Release|Any CPU.ActiveCfg = Release|Any CPU
		{45ED5EB2-9F9B-4F43-B885-CA0695C8F40F}.Release|Any CPU.Build.0 = Release|Any CPU
		{426DD1A2-D1B0-442B-87DF-82CF8EB60EB7}.Debug|Any CPU.ActiveCfg = Debug|Any CPU
		{426DD1A2-D1B0-442B-87DF-82CF8EB60EB7}.Debug|Any CPU.Build.0 = Debug|Any CPU
		{426DD1A2-D1B0-442B-87DF-82CF8EB60EB7}.Release|Any CPU.ActiveCfg = Release|Any CPU
		{426DD1A2-D1B0-442B-87DF-82CF8EB60EB7}.Release|Any CPU.Build.0 = Release|Any CPU
		{A9D77B88-9AF7-4E15-944B-C9CA1E33B333}.Debug|Any CPU.ActiveCfg = Debug|Any CPU
		{A9D77B88-9AF7-4E15-944B-C9CA1E33B333}.Debug|Any CPU.Build.0 = Debug|Any CPU
		{A9D77B88-9AF7-4E15-944B-C9CA1E33B333}.Release|Any CPU.ActiveCfg = Release|Any CPU
		{A9D77B88-9AF7-4E15-944B-C9CA1E33B333}.Release|Any CPU.Build.0 = Release|Any CPU
	EndGlobalSection
	GlobalSection(SolutionProperties) = preSolution
		HideSolutionNode = FALSE
	EndGlobalSection
EndGlobal
